// !$*UTF8*$!
{
	archiveVersion = 1;
	classes = {
	};
	objectVersion = 46;
	objects = {

/* Begin PBXBuildFile section */
		26D2B85220D0013600B20793 /* AppDelegate.swift in Sources */ = {isa = PBXBuildFile; fileRef = 26D2B85120D0013600B20793 /* AppDelegate.swift */; };
		26D2B85420D0013600B20793 /* ViewController.swift in Sources */ = {isa = PBXBuildFile; fileRef = 26D2B85320D0013600B20793 /* ViewController.swift */; };
		26D2B85620D0013600B20793 /* Assets.xcassets in Resources */ = {isa = PBXBuildFile; fileRef = 26D2B85520D0013600B20793 /* Assets.xcassets */; };
		26D2B85920D0013600B20793 /* Main.storyboard in Resources */ = {isa = PBXBuildFile; fileRef = 26D2B85720D0013600B20793 /* Main.storyboard */; };
		26D2B86420D0013600B20793 /* genetisTests.swift in Sources */ = {isa = PBXBuildFile; fileRef = 26D2B86320D0013600B20793 /* genetisTests.swift */; };
		26D2B86F20D0013600B20793 /* genetisUITests.swift in Sources */ = {isa = PBXBuildFile; fileRef = 26D2B86E20D0013600B20793 /* genetisUITests.swift */; };
/* End PBXBuildFile section */

/* Begin PBXContainerItemProxy section */
		26D2B86020D0013600B20793 /* PBXContainerItemProxy */ = {
			isa = PBXContainerItemProxy;
			containerPortal = 26D2B84620D0013600B20793 /* Project object */;
			proxyType = 1;
			remoteGlobalIDString = 26D2B84D20D0013600B20793;
			remoteInfo = genetis;
		};
		26D2B86B20D0013600B20793 /* PBXContainerItemProxy */ = {
			isa = PBXContainerItemProxy;
			containerPortal = 26D2B84620D0013600B20793 /* Project object */;
			proxyType = 1;
			remoteGlobalIDString = 26D2B84D20D0013600B20793;
			remoteInfo = genetis;
		};
/* End PBXContainerItemProxy section */

/* Begin PBXFileReference section */
		26D2B84E20D0013600B20793 /* genetis.app */ = {isa = PBXFileReference; explicitFileType = wrapper.application; includeInIndex = 0; path = genetis.app; sourceTree = BUILT_PRODUCTS_DIR; };
		26D2B85120D0013600B20793 /* AppDelegate.swift */ = {isa = PBXFileReference; lastKnownFileType = sourcecode.swift; path = AppDelegate.swift; sourceTree = "<group>"; };
		26D2B85320D0013600B20793 /* ViewController.swift */ = {isa = PBXFileReference; lastKnownFileType = sourcecode.swift; path = ViewController.swift; sourceTree = "<group>"; };
		26D2B85520D0013600B20793 /* Assets.xcassets */ = {isa = PBXFileReference; lastKnownFileType = folder.assetcatalog; path = Assets.xcassets; sourceTree = "<group>"; };
		26D2B85820D0013600B20793 /* Base */ = {isa = PBXFileReference; lastKnownFileType = file.storyboard; name = Base; path = Base.lproj/Main.storyboard; sourceTree = "<group>"; };
		26D2B85A20D0013600B20793 /* Info.plist */ = {isa = PBXFileReference; lastKnownFileType = text.plist.xml; path = Info.plist; sourceTree = "<group>"; };
		26D2B85F20D0013600B20793 /* genetisTests.xctest */ = {isa = PBXFileReference; explicitFileType = wrapper.cfbundle; includeInIndex = 0; path = genetisTests.xctest; sourceTree = BUILT_PRODUCTS_DIR; };
		26D2B86320D0013600B20793 /* genetisTests.swift */ = {isa = PBXFileReference; lastKnownFileType = sourcecode.swift; path = genetisTests.swift; sourceTree = "<group>"; };
		26D2B86520D0013600B20793 /* Info.plist */ = {isa = PBXFileReference; lastKnownFileType = text.plist.xml; path = Info.plist; sourceTree = "<group>"; };
		26D2B86A20D0013600B20793 /* genetisUITests.xctest */ = {isa = PBXFileReference; explicitFileType = wrapper.cfbundle; includeInIndex = 0; path = genetisUITests.xctest; sourceTree = BUILT_PRODUCTS_DIR; };
		26D2B86E20D0013600B20793 /* genetisUITests.swift */ = {isa = PBXFileReference; lastKnownFileType = sourcecode.swift; path = genetisUITests.swift; sourceTree = "<group>"; };
		26D2B87020D0013600B20793 /* Info.plist */ = {isa = PBXFileReference; lastKnownFileType = text.plist.xml; path = Info.plist; sourceTree = "<group>"; };
/* End PBXFileReference section */

/* Begin PBXFrameworksBuildPhase section */
		26D2B84B20D0013600B20793 /* Frameworks */ = {
			isa = PBXFrameworksBuildPhase;
			buildActionMask = 2147483647;
			files = (
			);
			runOnlyForDeploymentPostprocessing = 0;
		};
		26D2B85C20D0013600B20793 /* Frameworks */ = {
			isa = PBXFrameworksBuildPhase;
			buildActionMask = 2147483647;
			files = (
			);
			runOnlyForDeploymentPostprocessing = 0;
		};
		26D2B86720D0013600B20793 /* Frameworks */ = {
			isa = PBXFrameworksBuildPhase;
			buildActionMask = 2147483647;
			files = (
			);
			runOnlyForDeploymentPostprocessing = 0;
		};
/* End PBXFrameworksBuildPhase section */

/* Begin PBXGroup section */
		26D2B84520D0013600B20793 = {
			isa = PBXGroup;
			children = (
				26D2B85020D0013600B20793 /* genetis */,
				26D2B86220D0013600B20793 /* genetisTests */,
				26D2B86D20D0013600B20793 /* genetisUITests */,
				26D2B84F20D0013600B20793 /* Products */,
			);
			sourceTree = "<group>";
		};
		26D2B84F20D0013600B20793 /* Products */ = {
			isa = PBXGroup;
			children = (
				26D2B84E20D0013600B20793 /* genetis.app */,
				26D2B85F20D0013600B20793 /* genetisTests.xctest */,
				26D2B86A20D0013600B20793 /* genetisUITests.xctest */,
			);
			name = Products;
			sourceTree = "<group>";
		};
		26D2B85020D0013600B20793 /* genetis */ = {
			isa = PBXGroup;
			children = (
				26D2B85120D0013600B20793 /* AppDelegate.swift */,
				26D2B85320D0013600B20793 /* ViewController.swift */,
				26D2B85520D0013600B20793 /* Assets.xcassets */,
				26D2B85720D0013600B20793 /* Main.storyboard */,
				26D2B85A20D0013600B20793 /* Info.plist */,
			);
			path = genetis;
			sourceTree = "<group>";
		};
		26D2B86220D0013600B20793 /* genetisTests */ = {
			isa = PBXGroup;
			children = (
				26D2B86320D0013600B20793 /* genetisTests.swift */,
				26D2B86520D0013600B20793 /* Info.plist */,
			);
			path = genetisTests;
			sourceTree = "<group>";
		};
		26D2B86D20D0013600B20793 /* genetisUITests */ = {
			isa = PBXGroup;
			children = (
				26D2B86E20D0013600B20793 /* genetisUITests.swift */,
				26D2B87020D0013600B20793 /* Info.plist */,
			);
			path = genetisUITests;
			sourceTree = "<group>";
		};
/* End PBXGroup section */

/* Begin PBXNativeTarget section */
		26D2B84D20D0013600B20793 /* genetis */ = {
			isa = PBXNativeTarget;
			buildConfigurationList = 26D2B87320D0013600B20793 /* Build configuration list for PBXNativeTarget "genetis" */;
			buildPhases = (
				26D2B84A20D0013600B20793 /* Sources */,
				26D2B84B20D0013600B20793 /* Frameworks */,
				26D2B84C20D0013600B20793 /* Resources */,
			);
			buildRules = (
			);
			dependencies = (
			);
			name = genetis;
			productName = genetis;
			productReference = 26D2B84E20D0013600B20793 /* genetis.app */;
			productType = "com.apple.product-type.application";
		};
		26D2B85E20D0013600B20793 /* genetisTests */ = {
			isa = PBXNativeTarget;
			buildConfigurationList = 26D2B87620D0013600B20793 /* Build configuration list for PBXNativeTarget "genetisTests" */;
			buildPhases = (
				26D2B85B20D0013600B20793 /* Sources */,
				26D2B85C20D0013600B20793 /* Frameworks */,
				26D2B85D20D0013600B20793 /* Resources */,
			);
			buildRules = (
			);
			dependencies = (
				26D2B86120D0013600B20793 /* PBXTargetDependency */,
			);
			name = genetisTests;
			productName = genetisTests;
			productReference = 26D2B85F20D0013600B20793 /* genetisTests.xctest */;
			productType = "com.apple.product-type.bundle.unit-test";
		};
		26D2B86920D0013600B20793 /* genetisUITests */ = {
			isa = PBXNativeTarget;
			buildConfigurationList = 26D2B87920D0013600B20793 /* Build configuration list for PBXNativeTarget "genetisUITests" */;
			buildPhases = (
				26D2B86620D0013600B20793 /* Sources */,
				26D2B86720D0013600B20793 /* Frameworks */,
				26D2B86820D0013600B20793 /* Resources */,
			);
			buildRules = (
			);
			dependencies = (
				26D2B86C20D0013600B20793 /* PBXTargetDependency */,
			);
			name = genetisUITests;
			productName = genetisUITests;
			productReference = 26D2B86A20D0013600B20793 /* genetisUITests.xctest */;
			productType = "com.apple.product-type.bundle.ui-testing";
		};
/* End PBXNativeTarget section */

/* Begin PBXProject section */
		26D2B84620D0013600B20793 /* Project object */ = {
			isa = PBXProject;
			attributes = {
				LastSwiftUpdateCheck = 0830;
				LastUpgradeCheck = 0830;
				ORGANIZATIONNAME = "孔祥云";
				TargetAttributes = {
					26D2B84D20D0013600B20793 = {
						CreatedOnToolsVersion = 8.3.3;
						DevelopmentTeam = V26S23V64D;
						ProvisioningStyle = Automatic;
					};
					26D2B85E20D0013600B20793 = {
						CreatedOnToolsVersion = 8.3.3;
						DevelopmentTeam = V26S23V64D;
						ProvisioningStyle = Automatic;
						TestTargetID = 26D2B84D20D0013600B20793;
					};
					26D2B86920D0013600B20793 = {
						CreatedOnToolsVersion = 8.3.3;
						DevelopmentTeam = V26S23V64D;
						ProvisioningStyle = Automatic;
						TestTargetID = 26D2B84D20D0013600B20793;
					};
				};
			};
			buildConfigurationList = 26D2B84920D0013600B20793 /* Build configuration list for PBXProject "genetis" */;
			compatibilityVersion = "Xcode 3.2";
			developmentRegion = English;
			hasScannedForEncodings = 0;
			knownRegions = (
				en,
				Base,
			);
			mainGroup = 26D2B84520D0013600B20793;
			productRefGroup = 26D2B84F20D0013600B20793 /* Products */;
			projectDirPath = "";
			projectRoot = "";
			targets = (
				26D2B84D20D0013600B20793 /* genetis */,
				26D2B85E20D0013600B20793 /* genetisTests */,
				26D2B86920D0013600B20793 /* genetisUITests */,
			);
		};
/* End PBXProject section */

/* Begin PBXResourcesBuildPhase section */
		26D2B84C20D0013600B20793 /* Resources */ = {
			isa = PBXResourcesBuildPhase;
			buildActionMask = 2147483647;
			files = (
				26D2B85620D0013600B20793 /* Assets.xcassets in Resources */,
				26D2B85920D0013600B20793 /* Main.storyboard in Resources */,
			);
			runOnlyForDeploymentPostprocessing = 0;
		};
		26D2B85D20D0013600B20793 /* Resources */ = {
			isa = PBXResourcesBuildPhase;
			buildActionMask = 2147483647;
			files = (
			);
			runOnlyForDeploymentPostprocessing = 0;
		};
		26D2B86820D0013600B20793 /* Resources */ = {
			isa = PBXResourcesBuildPhase;
			buildActionMask = 2147483647;
			files = (
			);
			runOnlyForDeploymentPostprocessing = 0;
		};
/* End PBXResourcesBuildPhase section */

/* Begin PBXSourcesBuildPhase section */
		26D2B84A20D0013600B20793 /* Sources */ = {
			isa = PBXSourcesBuildPhase;
			buildActionMask = 2147483647;
			files = (
				26D2B85420D0013600B20793 /* ViewController.swift in Sources */,
				26D2B85220D0013600B20793 /* AppDelegate.swift in Sources */,
			);
			runOnlyForDeploymentPostprocessing = 0;
		};
		26D2B85B20D0013600B20793 /* Sources */ = {
			isa = PBXSourcesBuildPhase;
			buildActionMask = 2147483647;
			files = (
				26D2B86420D0013600B20793 /* genetisTests.swift in Sources */,
			);
			runOnlyForDeploymentPostprocessing = 0;
		};
		26D2B86620D0013600B20793 /* Sources */ = {
			isa = PBXSourcesBuildPhase;
			buildActionMask = 2147483647;
			files = (
				26D2B86F20D0013600B20793 /* genetisUITests.swift in Sources */,
			);
			runOnlyForDeploymentPostprocessing = 0;
		};
/* End PBXSourcesBuildPhase section */

/* Begin PBXTargetDependency section */
		26D2B86120D0013600B20793 /* PBXTargetDependency */ = {
			isa = PBXTargetDependency;
			target = 26D2B84D20D0013600B20793 /* genetis */;
			targetProxy = 26D2B86020D0013600B20793 /* PBXContainerItemProxy */;
		};
		26D2B86C20D0013600B20793 /* PBXTargetDependency */ = {
			isa = PBXTargetDependency;
			target = 26D2B84D20D0013600B20793 /* genetis */;
			targetProxy = 26D2B86B20D0013600B20793 /* PBXContainerItemProxy */;
		};
/* End PBXTargetDependency section */

/* Begin PBXVariantGroup section */
		26D2B85720D0013600B20793 /* Main.storyboard */ = {
			isa = PBXVariantGroup;
			children = (
				26D2B85820D0013600B20793 /* Base */,
			);
			name = Main.storyboard;
			sourceTree = "<group>";
		};
/* End PBXVariantGroup section */

/* Begin XCBuildConfiguration section */
		26D2B87120D0013600B20793 /* Debug */ = {
			isa = XCBuildConfiguration;
			buildSettings = {
				ALWAYS_SEARCH_USER_PATHS = NO;
				CLANG_ANALYZER_NONNULL = YES;
				CLANG_ANALYZER_NUMBER_OBJECT_CONVERSION = YES_AGGRESSIVE;
				CLANG_CXX_LANGUAGE_STANDARD = "gnu++0x";
				CLANG_CXX_LIBRARY = "libc++";
				CLANG_ENABLE_MODULES = YES;
				CLANG_ENABLE_OBJC_ARC = YES;
				CLANG_WARN_BOOL_CONVERSION = YES;
				CLANG_WARN_CONSTANT_CONVERSION = YES;
				CLANG_WARN_DIRECT_OBJC_ISA_USAGE = YES_ERROR;
				CLANG_WARN_DOCUMENTATION_COMMENTS = YES;
				CLANG_WARN_EMPTY_BODY = YES;
				CLANG_WARN_ENUM_CONVERSION = YES;
				CLANG_WARN_INFINITE_RECURSION = YES;
				CLANG_WARN_INT_CONVERSION = YES;
				CLANG_WARN_OBJC_ROOT_CLASS = YES_ERROR;
				CLANG_WARN_SUSPICIOUS_MOVE = YES;
				CLANG_WARN_UNREACHABLE_CODE = YES;
				CLANG_WARN__DUPLICATE_METHOD_MATCH = YES;
				CODE_SIGN_IDENTITY = "-";
				COPY_PHASE_STRIP = NO;
				DEBUG_INFORMATION_FORMAT = dwarf;
				ENABLE_STRICT_OBJC_MSGSEND = YES;
				ENABLE_TESTABILITY = YES;
				GCC_C_LANGUAGE_STANDARD = gnu99;
				GCC_DYNAMIC_NO_PIC = NO;
				GCC_NO_COMMON_BLOCKS = YES;
				GCC_OPTIMIZATION_LEVEL = 0;
				GCC_PREPROCESSOR_DEFINITIONS = (
					"DEBUG=1",
					"$(inherited)",
				);
				GCC_WARN_64_TO_32_BIT_CONVERSION = YES;
				GCC_WARN_ABOUT_RETURN_TYPE = YES_ERROR;
				GCC_WARN_UNDECLARED_SELECTOR = YES;
				GCC_WARN_UNINITIALIZED_AUTOS = YES_AGGRESSIVE;
				GCC_WARN_UNUSED_FUNCTION = YES;
				GCC_WARN_UNUSED_VARIABLE = YES;
				MACOSX_DEPLOYMENT_TARGET = 10.12;
				MTL_ENABLE_DEBUG_INFO = YES;
				ONLY_ACTIVE_ARCH = YES;
				SDKROOT = macosx;
				SWIFT_ACTIVE_COMPILATION_CONDITIONS = DEBUG;
				SWIFT_OPTIMIZATION_LEVEL = "-Onone";
			};
			name = Debug;
		};
		26D2B87220D0013600B20793 /* Release */ = {
			isa = XCBuildConfiguration;
			buildSettings = {
				ALWAYS_SEARCH_USER_PATHS = NO;
				CLANG_ANALYZER_NONNULL = YES;
				CLANG_ANALYZER_NUMBER_OBJECT_CONVERSION = YES_AGGRESSIVE;
				CLANG_CXX_LANGUAGE_STANDARD = "gnu++0x";
				CLANG_CXX_LIBRARY = "libc++";
				CLANG_ENABLE_MODULES = YES;
				CLANG_ENABLE_OBJC_ARC = YES;
				CLANG_WARN_BOOL_CONVERSION = YES;
				CLANG_WARN_CONSTANT_CONVERSION = YES;
				CLANG_WARN_DIRECT_OBJC_ISA_USAGE = YES_ERROR;
				CLANG_WARN_DOCUMENTATION_COMMENTS = YES;
				CLANG_WARN_EMPTY_BODY = YES;
				CLANG_WARN_ENUM_CONVERSION = YES;
				CLANG_WARN_INFINITE_RECURSION = YES;
				CLANG_WARN_INT_CONVERSION = YES;
				CLANG_WARN_OBJC_ROOT_CLASS = YES_ERROR;
				CLANG_WARN_SUSPICIOUS_MOVE = YES;
				CLANG_WARN_UNREACHABLE_CODE = YES;
				CLANG_WARN__DUPLICATE_METHOD_MATCH = YES;
				CODE_SIGN_IDENTITY = "-";
				COPY_PHASE_STRIP = NO;
				DEBUG_INFORMATION_FORMAT = "dwarf-with-dsym";
				ENABLE_NS_ASSERTIONS = NO;
				ENABLE_STRICT_OBJC_MSGSEND = YES;
				GCC_C_LANGUAGE_STANDARD = gnu99;
				GCC_NO_COMMON_BLOCKS = YES;
				GCC_WARN_64_TO_32_BIT_CONVERSION = YES;
				GCC_WARN_ABOUT_RETURN_TYPE = YES_ERROR;
				GCC_WARN_UNDECLARED_SELECTOR = YES;
				GCC_WARN_UNINITIALIZED_AUTOS = YES_AGGRESSIVE;
				GCC_WARN_UNUSED_FUNCTION = YES;
				GCC_WARN_UNUSED_VARIABLE = YES;
				MACOSX_DEPLOYMENT_TARGET = 10.12;
				MTL_ENABLE_DEBUG_INFO = NO;
				SDKROOT = macosx;
				SWIFT_OPTIMIZATION_LEVEL = "-Owholemodule";
			};
			name = Release;
		};
		26D2B87420D0013600B20793 /* Debug */ = {
			isa = XCBuildConfiguration;
			buildSettings = {
				ASSETCATALOG_COMPILER_APPICON_NAME = AppIcon;
				COMBINE_HIDPI_IMAGES = YES;
				DEVELOPMENT_TEAM = V26S23V64D;
				INFOPLIST_FILE = genetis/Info.plist;
				LD_RUNPATH_SEARCH_PATHS = "$(inherited) @executable_path/../Frameworks";
				PRODUCT_BUNDLE_IDENTIFIER = jia.hung.genetis;
				PRODUCT_NAME = "$(TARGET_NAME)";
				SWIFT_VERSION = 3.0;
			};
			name = Debug;
		};
		26D2B87520D0013600B20793 /* Release */ = {
			isa = XCBuildConfiguration;
			buildSettings = {
				ASSETCATALOG_COMPILER_APPICON_NAME = AppIcon;
				COMBINE_HIDPI_IMAGES = YES;
				DEVELOPMENT_TEAM = V26S23V64D;
				INFOPLIST_FILE = genetis/Info.plist;
				LD_RUNPATH_SEARCH_PATHS = "$(inherited) @executable_path/../Frameworks";
				PRODUCT_BUNDLE_IDENTIFIER = jia.hung.genetis;
				PRODUCT_NAME = "$(TARGET_NAME)";
				SWIFT_VERSION = 3.0;
			};
			name = Release;
		};
		26D2B87720D0013600B20793 /* Debug */ = {
			isa = XCBuildConfiguration;
			buildSettings = {
				ALWAYS_EMBED_SWIFT_STANDARD_LIBRARIES = YES;
				BUNDLE_LOADER = "$(TEST_HOST)";
				COMBINE_HIDPI_IMAGES = YES;
				DEVELOPMENT_TEAM = V26S23V64D;
				INFOPLIST_FILE = genetisTests/Info.plist;
				LD_RUNPATH_SEARCH_PATHS = "$(inherited) @executable_path/../Frameworks @loader_path/../Frameworks";
				PRODUCT_BUNDLE_IDENTIFIER = jia.hung.genetisTests;
				PRODUCT_NAME = "$(TARGET_NAME)";
				SWIFT_VERSION = 3.0;
				TEST_HOST = "$(BUILT_PRODUCTS_DIR)/genetis.app/Contents/MacOS/genetis";
			};
			name = Debug;
		};
		26D2B87820D0013600B20793 /* Release */ = {
			isa = XCBuildConfiguration;
			buildSettings = {
				ALWAYS_EMBED_SWIFT_STANDARD_LIBRARIES = YES;
				BUNDLE_LOADER = "$(TEST_HOST)";
				COMBINE_HIDPI_IMAGES = YES;
				DEVELOPMENT_TEAM = V26S23V64D;
				INFOPLIST_FILE = genetisTests/Info.plist;
				LD_RUNPATH_SEARCH_PATHS = "$(inherited) @executable_path/../Frameworks @loader_path/../Frameworks";
				PRODUCT_BUNDLE_IDENTIFIER = jia.hung.genetisTests;
				PRODUCT_NAME = "$(TARGET_NAME)";
				SWIFT_VERSION = 3.0;
				TEST_HOST = "$(BUILT_PRODUCTS_DIR)/genetis.app/Contents/MacOS/genetis";
			};
			name = Release;
		};
		26D2B87A20D0013600B20793 /* Debug */ = {
			isa = XCBuildConfiguration;
			buildSettings = {
				ALWAYS_EMBED_SWIFT_STANDARD_LIBRARIES = YES;
				COMBINE_HIDPI_IMAGES = YES;
				DEVELOPMENT_TEAM = V26S23V64D;
				INFOPLIST_FILE = genetisUITests/Info.plist;
				LD_RUNPATH_SEARCH_PATHS = "$(inherited) @executable_path/../Frameworks @loader_path/../Frameworks";
				PRODUCT_BUNDLE_IDENTIFIER = jia.hung.genetisUITests;
				PRODUCT_NAME = "$(TARGET_NAME)";
				SWIFT_VERSION = 3.0;
				TEST_TARGET_NAME = genetis;
			};
			name = Debug;
		};
		26D2B87B20D0013600B20793 /* Release */ = {
			isa = XCBuildConfiguration;
			buildSettings = {
				ALWAYS_EMBED_SWIFT_STANDARD_LIBRARIES = YES;
				COMBINE_HIDPI_IMAGES = YES;
				DEVELOPMENT_TEAM = V26S23V64D;
				INFOPLIST_FILE = genetisUITests/Info.plist;
				LD_RUNPATH_SEARCH_PATHS = "$(inherited) @executable_path/../Frameworks @loader_path/../Frameworks";
				PRODUCT_BUNDLE_IDENTIFIER = jia.hung.genetisUITests;
				PRODUCT_NAME = "$(TARGET_NAME)";
				SWIFT_VERSION = 3.0;
				TEST_TARGET_NAME = genetis;
			};
			name = Release;
		};
/* End XCBuildConfiguration section */

/* Begin XCConfigurationList section */
		26D2B84920D0013600B20793 /* Build configuration list for PBXProject "genetis" */ = {
			isa = XCConfigurationList;
			buildConfigurations = (
				26D2B87120D0013600B20793 /* Debug */,
				26D2B87220D0013600B20793 /* Release */,
			);
			defaultConfigurationIsVisible = 0;
			defaultConfigurationName = Release;
		};
		26D2B87320D0013600B20793 /* Build configuration list for PBXNativeTarget "genetis" */ = {
			isa = XCConfigurationList;
			buildConfigurations = (
				26D2B87420D0013600B20793 /* Debug */,
				26D2B87520D0013600B20793 /* Release */,
			);
			defaultConfigurationIsVisible = 0;
		};
		26D2B87620D0013600B20793 /* Build configuration list for PBXNativeTarget "genetisTests" */ = {
			isa = XCConfigurationList;
			buildConfigurations = (
				26D2B87720D0013600B20793 /* Debug */,
				26D2B87820D0013600B20793 /* Release */,
			);
			defaultConfigurationIsVisible = 0;
		};
		26D2B87920D0013600B20793 /* Build configuration list for PBXNativeTarget "genetisUITests" */ = {
			isa = XCConfigurationList;
			buildConfigurations = (
				26D2B87A20D0013600B20793 /* Debug */,
				26D2B87B20D0013600B20793 /* Release */,
			);
			defaultConfigurationIsVisible = 0;
		};
/* End XCConfigurationList section */
	};
	rootObject = 26D2B84620D0013600B20793 /* Project object */;
}
